
Microsoft Visual Studio Solution File, Format Version 12.00
# Visual Studio 15
VisualStudioVersion = 15.0.27428.2015
MinimumVisualStudioVersion = 10.0.40219.1
Project("{9A19103F-16F7-4668-BE54-9A1E7A4F7556}") = "EfCoreExample2", "EfCoreExample2\EfCoreExample2.csproj", "{98F1AFF0-96D9-4507-8B72-010EDF28F85F}"
EndProject
Project("{FAE04EC0-301F-11D3-BF4B-00C04F79EFBC}") = "EfCoreExample2.Model", "EfCoreExample2.Model\EfCoreExample2.Model.csproj", "{0FB19678-8956-4D53-BD83-64E6CC1C4AAA}"
EndProject
Global
	GlobalSection(SolutionConfigurationPlatforms) = preSolution
		Debug|Any CPU = Debug|Any CPU
		Release|Any CPU = Release|Any CPU
	EndGlobalSection
	GlobalSection(ProjectConfigurationPlatforms) = postSolution
		{98F1AFF0-96D9-4507-8B72-010EDF28F85F}.Debug|Any CPU.ActiveCfg = Debug|Any CPU
		{98F1AFF0-96D9-4507-8B72-010EDF28F85F}.Debug|Any CPU.Build.0 = Debug|Any CPU
		{98F1AFF0-96D9-4507-8B72-010EDF28F85F}.Release|Any CPU.ActiveCfg = Release|Any CPU
		{98F1AFF0-96D9-4507-8B72-010EDF28F85F}.Release|Any CPU.Build.0 = Release|Any CPU
		{0FB19678-8956-4D53-BD83-64E6CC1C4AAA}.Debug|Any CPU.ActiveCfg = Debug|Any CPU
		{0FB19678-8956-4D53-BD83-64E6CC1C4AAA}.Debug|Any CPU.Build.0 = Debug|Any CPU
		{0FB19678-8956-4D53-BD83-64E6CC1C4AAA}.Release|Any CPU.ActiveCfg = Release|Any CPU
		{0FB19678-8956-4D53-BD83-64E6CC1C4AAA}.Release|Any CPU.Build.0 = Release|Any CPU
	EndGlobalSection
	GlobalSection(SolutionProperties) = preSolution
		HideSolutionNode = FALSE
	EndGlobalSection
	GlobalSection(ExtensibilityGlobals) = postSolution
		SolutionGuid = {11AFDBB3-9956-4FDF-9B67-48B3AC094B72}
	EndGlobalSection
EndGlobal
